
Microsoft Visual Studio Solution File, Format Version 12.00
# Visual Studio 2012
Project("{FAE04EC0-301F-11D3-BF4B-00C04F79EFBC}") = "ConsoleApplication1", "ConsoleApplication1\ConsoleApplication1.csproj", "{994FF6F1-D283-4EFB-A616-78C666384438}"
EndProject
Global
	GlobalSection(SolutionConfigurationPlatforms) = preSolution
		Debug|Any CPU = Debug|Any CPU
		Release|Any CPU = Release|Any CPU
	EndGlobalSection
	GlobalSection(ProjectConfigurationPlatforms) = postSolution
		{994FF6F1-D283-4EFB-A616-78C666384438}.Debug|Any CPU.ActiveCfg = Debug|Any CPU
		{994FF6F1-D283-4EFB-A616-78C666384438}.Debug|Any CPU.Build.0 = Debug|Any CPU
		{994FF6F1-D283-4EFB-A616-78C666384438}.Release|Any CPU.ActiveCfg = Release|Any CPU
		{994FF6F1-D283-4EFB-A616-78C666384438}.Release|Any CPU.Build.0 = Release|Any CPU
	EndGlobalSection
	GlobalSection(SolutionProperties) = preSolution
		HideSolutionNode = FALSE
	EndGlobalSection
EndGlobal
